
Microsoft Visual Studio Solution File, Format Version 12.00
# Visual Studio 15
Project("{FAE04EC0-301F-11D3-BF4B-00C04F79EFBC}") = "IngameDebugConsole.Runtime", "IngameDebugConsole.Runtime.csproj", "{471F910C-7B78-4959-2D12-90BA35A41612}"
EndProject
Project("{FAE04EC0-301F-11D3-BF4B-00C04F79EFBC}") = "Assembly-CSharp", "Assembly-CSharp.csproj", "{B9601D78-82A0-3CC6-4F23-665467575EFC}"
EndProject
Project("{FAE04EC0-301F-11D3-BF4B-00C04F79EFBC}") = "IngameDebugConsole.Editor", "IngameDebugConsole.Editor.csproj", "{C5769011-12DF-9408-8BFE-C4ACC919EC8A}"
EndProject
Global
	GlobalSection(SolutionConfigurationPlatforms) = preSolution
		Debug|Any CPU = Debug|Any CPU
		Release|Any CPU = Release|Any CPU
	EndGlobalSection
	GlobalSection(ProjectConfigurationPlatforms) = postSolution
		{471F910C-7B78-4959-2D12-90BA35A41612}.Debug|Any CPU.ActiveCfg = Debug|Any CPU
		{471F910C-7B78-4959-2D12-90BA35A41612}.Debug|Any CPU.Build.0 = Debug|Any CPU
		{471F910C-7B78-4959-2D12-90BA35A41612}.Release|Any CPU.ActiveCfg = Release|Any CPU
		{471F910C-7B78-4959-2D12-90BA35A41612}.Release|Any CPU.Build.0 = Release|Any CPU
		{B9601D78-82A0-3CC6-4F23-665467575EFC}.Debug|Any CPU.ActiveCfg = Debug|Any CPU
		{B9601D78-82A0-3CC6-4F23-665467575EFC}.Debug|Any CPU.Build.0 = Debug|Any CPU
		{B9601D78-82A0-3CC6-4F23-665467575EFC}.Release|Any CPU.ActiveCfg = Release|Any CPU
		{B9601D78-82A0-3CC6-4F23-665467575EFC}.Release|Any CPU.Build.0 = Release|Any CPU
		{C5769011-12DF-9408-8BFE-C4ACC919EC8A}.Debug|Any CPU.ActiveCfg = Debug|Any CPU
		{C5769011-12DF-9408-8BFE-C4ACC919EC8A}.Debug|Any CPU.Build.0 = Debug|Any CPU
		{C5769011-12DF-9408-8BFE-C4ACC919EC8A}.Release|Any CPU.ActiveCfg = Release|Any CPU
		{C5769011-12DF-9408-8BFE-C4ACC919EC8A}.Release|Any CPU.Build.0 = Release|Any CPU
	EndGlobalSection
	GlobalSection(SolutionProperties) = preSolution
		HideSolutionNode = FALSE
	EndGlobalSection
EndGlobal
